
Microsoft Visual Studio Solution File, Format Version 12.00
# Visual Studio Version 16
VisualStudioVersion = 16.0.30413.136
MinimumVisualStudioVersion = 10.0.40219.1
Project("{FAE04EC0-301F-11D3-BF4B-00C04F79EFBC}") = "sms.Android", "sms\sms.Android\sms.Android.csproj", "{5CC6D02E-753D-4D90-9C3F-67AC56D1A8F3}"
EndProject
Project("{FAE04EC0-301F-11D3-BF4B-00C04F79EFBC}") = "sms", "sms\sms\sms.csproj", "{91AB698A-8431-4026-A9E5-72D3F76FAD36}"
EndProject
Global
	GlobalSection(SolutionConfigurationPlatforms) = preSolution
		Debug|Any CPU = Debug|Any CPU
		Release|Any CPU = Release|Any CPU
	EndGlobalSection
	GlobalSection(ProjectConfigurationPlatforms) = postSolution
		{5CC6D02E-753D-4D90-9C3F-67AC56D1A8F3}.Debug|Any CPU.ActiveCfg = Debug|Any CPU
		{5CC6D02E-753D-4D90-9C3F-67AC56D1A8F3}.Debug|Any CPU.Build.0 = Debug|Any CPU
		{5CC6D02E-753D-4D90-9C3F-67AC56D1A8F3}.Debug|Any CPU.Deploy.0 = Debug|Any CPU
		{5CC6D02E-753D-4D90-9C3F-67AC56D1A8F3}.Release|Any CPU.ActiveCfg = Release|Any CPU
		{5CC6D02E-753D-4D90-9C3F-67AC56D1A8F3}.Release|Any CPU.Build.0 = Release|Any CPU
		{5CC6D02E-753D-4D90-9C3F-67AC56D1A8F3}.Release|Any CPU.Deploy.0 = Release|Any CPU
		{91AB698A-8431-4026-A9E5-72D3F76FAD36}.Debug|Any CPU.ActiveCfg = Debug|Any CPU
		{91AB698A-8431-4026-A9E5-72D3F76FAD36}.Debug|Any CPU.Build.0 = Debug|Any CPU
		{91AB698A-8431-4026-A9E5-72D3F76FAD36}.Debug|Any CPU.Deploy.0 = Debug|Any CPU
		{91AB698A-8431-4026-A9E5-72D3F76FAD36}.Release|Any CPU.ActiveCfg = Release|Any CPU
		{91AB698A-8431-4026-A9E5-72D3F76FAD36}.Release|Any CPU.Build.0 = Release|Any CPU
		{91AB698A-8431-4026-A9E5-72D3F76FAD36}.Release|Any CPU.Deploy.0 = Release|Any CPU
	EndGlobalSection
	GlobalSection(SolutionProperties) = preSolution
		HideSolutionNode = FALSE
	EndGlobalSection
	GlobalSection(ExtensibilityGlobals) = postSolution
		SolutionGuid = {9950BB83-FD4B-4157-9C4A-E483546AF413}
	EndGlobalSection
EndGlobal
